{
  "version": 4,
  "terraform_version": "1.1.7",
  "serial": 86,
  "lineage": "cb0dffb2-cd42-5447-a671-0867475e61df",
  "outputs": {},
  "resources": [
    {
      "mode": "managed",
      "type": "azurerm_network_interface",
      "name": "nic",
      "provider": "provider[\"registry.terraform.io/hashicorp/azurerm\"]",
      "instances": [
        {
          "index_key": "kube-master-1",
          "schema_version": 0,
          "attributes": {
            "applied_dns_servers": [],
            "dns_servers": [],
            "edge_zone": "",
            "enable_accelerated_networking": false,
            "enable_ip_forwarding": false,
            "id": "/subscriptions/2126a5c7-9c64-4118-8540-9591cc729176/resourceGroups/kube/providers/Microsoft.Network/networkInterfaces/kube-master-1",
            "internal_dns_name_label": "",
            "internal_domain_name_suffix": "mtixufhamgpupjth34b3fw1jhg.ax.internal.cloudapp.net",
            "ip_configuration": [
              {
                "gateway_load_balancer_frontend_ip_configuration_id": "",
                "name": "kubeconfig",
                "primary": true,
                "private_ip_address": "10.15.0.5",
                "private_ip_address_allocation": "Dynamic",
                "private_ip_address_version": "IPv4",
                "public_ip_address_id": "/subscriptions/2126a5c7-9c64-4118-8540-9591cc729176/resourceGroups/kube/providers/Microsoft.Network/publicIPAddresses/kube-master-1",
                "subnet_id": "/subscriptions/2126a5c7-9c64-4118-8540-9591cc729176/resourceGroups/kube/providers/Microsoft.Network/virtualNetworks/kube-vnet/subnets/kube-subnet"
              }
            ],
            "location": "westeurope",
            "mac_address": "",
            "name": "kube-master-1",
            "private_ip_address": "10.15.0.5",
            "private_ip_addresses": [
              "10.15.0.5"
            ],
            "resource_group_name": "kube",
            "tags": {},
            "timeouts": null,
            "virtual_machine_id": ""
          },
          "sensitive_attributes": [],
          "private": "eyJlMmJmYjczMC1lY2FhLTExZTYtOGY4OC0zNDM2M2JjN2M0YzAiOnsiY3JlYXRlIjoxODAwMDAwMDAwMDAwLCJkZWxldGUiOjE4MDAwMDAwMDAwMDAsInJlYWQiOjMwMDAwMDAwMDAwMCwidXBkYXRlIjoxODAwMDAwMDAwMDAwfX0=",
          "dependencies": [
            "azurerm_public_ip.publicip",
            "azurerm_resource_group.kube",
            "module.kube_network.azurerm_subnet.subnet",
            "module.kube_network.azurerm_virtual_network.vnet"
          ]
        },
        {
          "index_key": "kube-master-2",
          "schema_version": 0,
          "attributes": {
            "applied_dns_servers": [],
            "dns_servers": [],
            "edge_zone": "",
            "enable_accelerated_networking": false,
            "enable_ip_forwarding": false,
            "id": "/subscriptions/2126a5c7-9c64-4118-8540-9591cc729176/resourceGroups/kube/providers/Microsoft.Network/networkInterfaces/kube-master-2",
            "internal_dns_name_label": "",
            "internal_domain_name_suffix": "mtixufhamgpupjth34b3fw1jhg.ax.internal.cloudapp.net",
            "ip_configuration": [
              {
                "gateway_load_balancer_frontend_ip_configuration_id": "",
                "name": "kubeconfig",
                "primary": true,
                "private_ip_address": "10.15.0.4",
                "private_ip_address_allocation": "Dynamic",
                "private_ip_address_version": "IPv4",
                "public_ip_address_id": "/subscriptions/2126a5c7-9c64-4118-8540-9591cc729176/resourceGroups/kube/providers/Microsoft.Network/publicIPAddresses/kube-master-2",
                "subnet_id": "/subscriptions/2126a5c7-9c64-4118-8540-9591cc729176/resourceGroups/kube/providers/Microsoft.Network/virtualNetworks/kube-vnet/subnets/kube-subnet"
              }
            ],
            "location": "westeurope",
            "mac_address": "",
            "name": "kube-master-2",
            "private_ip_address": "10.15.0.4",
            "private_ip_addresses": [
              "10.15.0.4"
            ],
            "resource_group_name": "kube",
            "tags": {},
            "timeouts": null,
            "virtual_machine_id": ""
          },
          "sensitive_attributes": [],
          "private": "eyJlMmJmYjczMC1lY2FhLTExZTYtOGY4OC0zNDM2M2JjN2M0YzAiOnsiY3JlYXRlIjoxODAwMDAwMDAwMDAwLCJkZWxldGUiOjE4MDAwMDAwMDAwMDAsInJlYWQiOjMwMDAwMDAwMDAwMCwidXBkYXRlIjoxODAwMDAwMDAwMDAwfX0=",
          "dependencies": [
            "azurerm_public_ip.publicip",
            "azurerm_resource_group.kube",
            "module.kube_network.azurerm_subnet.subnet",
            "module.kube_network.azurerm_virtual_network.vnet"
          ]
        },
        {
          "index_key": "kube-master-3",
          "schema_version": 0,
          "attributes": {
            "applied_dns_servers": [],
            "dns_servers": [],
            "edge_zone": "",
            "enable_accelerated_networking": false,
            "enable_ip_forwarding": false,
            "id": "/subscriptions/2126a5c7-9c64-4118-8540-9591cc729176/resourceGroups/kube/providers/Microsoft.Network/networkInterfaces/kube-master-3",
            "internal_dns_name_label": "",
            "internal_domain_name_suffix": "mtixufhamgpupjth34b3fw1jhg.ax.internal.cloudapp.net",
            "ip_configuration": [
              {
                "gateway_load_balancer_frontend_ip_configuration_id": "",
                "name": "kubeconfig",
                "primary": true,
                "private_ip_address": "10.15.0.6",
                "private_ip_address_allocation": "Dynamic",
                "private_ip_address_version": "IPv4",
                "public_ip_address_id": "/subscriptions/2126a5c7-9c64-4118-8540-9591cc729176/resourceGroups/kube/providers/Microsoft.Network/publicIPAddresses/kube-master-3",
                "subnet_id": "/subscriptions/2126a5c7-9c64-4118-8540-9591cc729176/resourceGroups/kube/providers/Microsoft.Network/virtualNetworks/kube-vnet/subnets/kube-subnet"
              }
            ],
            "location": "westeurope",
            "mac_address": "",
            "name": "kube-master-3",
            "private_ip_address": "10.15.0.6",
            "private_ip_addresses": [
              "10.15.0.6"
            ],
            "resource_group_name": "kube",
            "tags": {},
            "timeouts": null,
            "virtual_machine_id": ""
          },
          "sensitive_attributes": [],
          "private": "eyJlMmJmYjczMC1lY2FhLTExZTYtOGY4OC0zNDM2M2JjN2M0YzAiOnsiY3JlYXRlIjoxODAwMDAwMDAwMDAwLCJkZWxldGUiOjE4MDAwMDAwMDAwMDAsInJlYWQiOjMwMDAwMDAwMDAwMCwidXBkYXRlIjoxODAwMDAwMDAwMDAwfX0=",
          "dependencies": [
            "azurerm_public_ip.publicip",
            "azurerm_resource_group.kube",
            "module.kube_network.azurerm_subnet.subnet",
            "module.kube_network.azurerm_virtual_network.vnet"
          ]
        }
      ]
    },
    {
      "mode": "managed",
      "type": "azurerm_public_ip",
      "name": "publicip",
      "provider": "provider[\"registry.terraform.io/hashicorp/azurerm\"]",
      "instances": [
        {
          "index_key": "kube-master-1",
          "schema_version": 0,
          "attributes": {
            "allocation_method": "Static",
            "domain_name_label": "kube-master-1",
            "edge_zone": "",
            "fqdn": "kube-master-1.westeurope.cloudapp.azure.com",
            "id": "/subscriptions/2126a5c7-9c64-4118-8540-9591cc729176/resourceGroups/kube/providers/Microsoft.Network/publicIPAddresses/kube-master-1",
            "idle_timeout_in_minutes": 4,
            "ip_address": "20.224.203.238",
            "ip_tags": {},
            "ip_version": "IPv4",
            "location": "westeurope",
            "name": "kube-master-1",
            "public_ip_prefix_id": null,
            "resource_group_name": "kube",
            "reverse_fqdn": "",
            "sku": "Basic",
            "sku_tier": "Regional",
            "tags": {
              "Administrator": "Rosthan Silva",
              "ContactPerson": "rosthan.silva@Sinqia.com.br",
              "CostCentre": "HTD",
              "Department": "DevOps",
              "ManagedByTerraform": "True"
            },
            "timeouts": null,
            "zones": []
          },
          "sensitive_attributes": [],
          "private": "eyJlMmJmYjczMC1lY2FhLTExZTYtOGY4OC0zNDM2M2JjN2M0YzAiOnsiY3JlYXRlIjoxODAwMDAwMDAwMDAwLCJkZWxldGUiOjE4MDAwMDAwMDAwMDAsInJlYWQiOjMwMDAwMDAwMDAwMCwidXBkYXRlIjoxODAwMDAwMDAwMDAwfX0=",
          "dependencies": [
            "azurerm_resource_group.kube"
          ]
        },
        {
          "index_key": "kube-master-2",
          "schema_version": 0,
          "attributes": {
            "allocation_method": "Static",
            "domain_name_label": "kube-master-2",
            "edge_zone": "",
            "fqdn": "kube-master-2.westeurope.cloudapp.azure.com",
            "id": "/subscriptions/2126a5c7-9c64-4118-8540-9591cc729176/resourceGroups/kube/providers/Microsoft.Network/publicIPAddresses/kube-master-2",
            "idle_timeout_in_minutes": 4,
            "ip_address": "20.126.105.15",
            "ip_tags": {},
            "ip_version": "IPv4",
            "location": "westeurope",
            "name": "kube-master-2",
            "public_ip_prefix_id": null,
            "resource_group_name": "kube",
            "reverse_fqdn": "",
            "sku": "Basic",
            "sku_tier": "Regional",
            "tags": {
              "Administrator": "Rosthan Silva",
              "ContactPerson": "rosthan.silva@Sinqia.com.br",
              "CostCentre": "HTD",
              "Department": "DevOps",
              "ManagedByTerraform": "True"
            },
            "timeouts": null,
            "zones": []
          },
          "sensitive_attributes": [],
          "private": "eyJlMmJmYjczMC1lY2FhLTExZTYtOGY4OC0zNDM2M2JjN2M0YzAiOnsiY3JlYXRlIjoxODAwMDAwMDAwMDAwLCJkZWxldGUiOjE4MDAwMDAwMDAwMDAsInJlYWQiOjMwMDAwMDAwMDAwMCwidXBkYXRlIjoxODAwMDAwMDAwMDAwfX0=",
          "dependencies": [
            "azurerm_resource_group.kube"
          ]
        },
        {
          "index_key": "kube-master-3",
          "schema_version": 0,
          "attributes": {
            "allocation_method": "Static",
            "domain_name_label": "kube-master-3",
            "edge_zone": "",
            "fqdn": "kube-master-3.westeurope.cloudapp.azure.com",
            "id": "/subscriptions/2126a5c7-9c64-4118-8540-9591cc729176/resourceGroups/kube/providers/Microsoft.Network/publicIPAddresses/kube-master-3",
            "idle_timeout_in_minutes": 4,
            "ip_address": "20.126.96.78",
            "ip_tags": {},
            "ip_version": "IPv4",
            "location": "westeurope",
            "name": "kube-master-3",
            "public_ip_prefix_id": null,
            "resource_group_name": "kube",
            "reverse_fqdn": "",
            "sku": "Basic",
            "sku_tier": "Regional",
            "tags": {
              "Administrator": "Rosthan Silva",
              "ContactPerson": "rosthan.silva@Sinqia.com.br",
              "CostCentre": "HTD",
              "Department": "DevOps",
              "ManagedByTerraform": "True"
            },
            "timeouts": null,
            "zones": []
          },
          "sensitive_attributes": [],
          "private": "eyJlMmJmYjczMC1lY2FhLTExZTYtOGY4OC0zNDM2M2JjN2M0YzAiOnsiY3JlYXRlIjoxODAwMDAwMDAwMDAwLCJkZWxldGUiOjE4MDAwMDAwMDAwMDAsInJlYWQiOjMwMDAwMDAwMDAwMCwidXBkYXRlIjoxODAwMDAwMDAwMDAwfX0=",
          "dependencies": [
            "azurerm_resource_group.kube"
          ]
        }
      ]
    },
    {
      "mode": "managed",
      "type": "azurerm_resource_group",
      "name": "hub",
      "provider": "provider[\"registry.terraform.io/hashicorp/azurerm\"]",
      "instances": [
        {
          "schema_version": 0,
          "attributes": {
            "id": "/subscriptions/2126a5c7-9c64-4118-8540-9591cc729176/resourceGroups/hub",
            "location": "westeurope",
            "name": "hub",
            "tags": {},
            "timeouts": null
          },
          "sensitive_attributes": [],
          "private": "eyJlMmJmYjczMC1lY2FhLTExZTYtOGY4OC0zNDM2M2JjN2M0YzAiOnsiY3JlYXRlIjo1NDAwMDAwMDAwMDAwLCJkZWxldGUiOjU0MDAwMDAwMDAwMDAsInJlYWQiOjMwMDAwMDAwMDAwMCwidXBkYXRlIjo1NDAwMDAwMDAwMDAwfX0="
        }
      ]
    },
    {
      "mode": "managed",
      "type": "azurerm_resource_group",
      "name": "kube",
      "provider": "provider[\"registry.terraform.io/hashicorp/azurerm\"]",
      "instances": [
        {
          "schema_version": 0,
          "attributes": {
            "id": "/subscriptions/2126a5c7-9c64-4118-8540-9591cc729176/resourceGroups/kube",
            "location": "westeurope",
            "name": "kube",
            "tags": {},
            "timeouts": null
          },
          "sensitive_attributes": [],
          "private": "eyJlMmJmYjczMC1lY2FhLTExZTYtOGY4OC0zNDM2M2JjN2M0YzAiOnsiY3JlYXRlIjo1NDAwMDAwMDAwMDAwLCJkZWxldGUiOjU0MDAwMDAwMDAwMDAsInJlYWQiOjMwMDAwMDAwMDAwMCwidXBkYXRlIjo1NDAwMDAwMDAwMDAwfX0="
        }
      ]
    },
    {
      "mode": "managed",
      "type": "tls_private_key",
      "name": "ssh",
      "provider": "provider[\"registry.terraform.io/hashicorp/tls\"]",
      "instances": [
        {
          "schema_version": 0,
          "attributes": {
            "algorithm": "RSA",
            "ecdsa_curve": "P224",
            "id": "38c0f464ec85f86a91c931fa230efa21792737bb",
            "private_key_openssh": "-----BEGIN OPENSSH PRIVATE KEY-----\nb3BlbnNzaC1rZXktdjEAAAAABG5vbmUAAAAEbm9uZQAAAAAAAAABAAACFwAAAAdz\nc2gtcnNhAAAAAwEAAQAAAgEAwQe25wZpOsV+hXulpIVoOHgaTNdMXTHPkKGPDV4b\nCR69FM/4Es3DmpAguixboZSoFiyIPxn0C9BC4nMj1JhgbCR637vL68KoJN9y1+Kp\n4wdejcY4T8ZjW05pbYEs5Dl9HVvY54tld+ox+eges1bgIJrDS2NptUGBmhkBUhUc\nK6jtX2USPq7uuureGlyuOpRtjwSc3xtn2bSZorNhL+nHSHmWOYos867rXq2X/fWA\nXOUpJ4XBclTtUBBzGrlLu1i8QnpfK1h50eVyxVmF6MpgRWUgiXw/wagbfl0IHClz\nEmtE1pEuR1PH+FEK7iUtc04+Pqpkt6B8O9bHJyJqE640c1lcYRCwqiQihBn7GdZM\nemkihWUry3+71FfhSaPleYHyIAQE6HtljgxMv/huYxYD56UBwDX51JLCO2PSGQIC\nXpIGFiiuxe1fr4zvHbxQolZv3chLq5jtiKncDhsm5oPtHG6xMhmXpkLigpz/IjRO\nDI6+9bsNJ9Ye/cbaMd2jHmJqIhPpiN3DSfAwLEycidM401qGktgktkddClGkKI6G\nSWNt+G2dfxBr6hotmFZsfvk/G+3SdmGPXLJY2YUvw7JMMyBWJbcwZ7BzXZU2eaIi\n5hwZ3urEKtR7x6oaT4uJk24uGryAafy8GDL098K1p9bbGdM+T9tKoJAwUBhGQxlI\nQfUAAAc4ZFpcg2RaXIMAAAAHc3NoLXJzYQAAAgEAwQe25wZpOsV+hXulpIVoOHga\nTNdMXTHPkKGPDV4bCR69FM/4Es3DmpAguixboZSoFiyIPxn0C9BC4nMj1JhgbCR6\n37vL68KoJN9y1+Kp4wdejcY4T8ZjW05pbYEs5Dl9HVvY54tld+ox+eges1bgIJrD\nS2NptUGBmhkBUhUcK6jtX2USPq7uuureGlyuOpRtjwSc3xtn2bSZorNhL+nHSHmW\nOYos867rXq2X/fWAXOUpJ4XBclTtUBBzGrlLu1i8QnpfK1h50eVyxVmF6MpgRWUg\niXw/wagbfl0IHClzEmtE1pEuR1PH+FEK7iUtc04+Pqpkt6B8O9bHJyJqE640c1lc\nYRCwqiQihBn7GdZMemkihWUry3+71FfhSaPleYHyIAQE6HtljgxMv/huYxYD56UB\nwDX51JLCO2PSGQICXpIGFiiuxe1fr4zvHbxQolZv3chLq5jtiKncDhsm5oPtHG6x\nMhmXpkLigpz/IjRODI6+9bsNJ9Ye/cbaMd2jHmJqIhPpiN3DSfAwLEycidM401qG\nktgktkddClGkKI6GSWNt+G2dfxBr6hotmFZsfvk/G+3SdmGPXLJY2YUvw7JMMyBW\nJbcwZ7BzXZU2eaIi5hwZ3urEKtR7x6oaT4uJk24uGryAafy8GDL098K1p9bbGdM+\nT9tKoJAwUBhGQxlIQfUAAAADAQABAAACAHHRTaytYBDycKbegI4gx5I8Zy2V6YYu\nH7ilOodkTMa05ELIWfskbsjNYS7FhwYgdHgWrAOhFwB8PWPvBlqNupUpcXZI8nXC\nYojTZJEdKpUePEeWcI/BZ8Zn1sxl1YWAzGAqTxxAWoU5h1xW3PtcJ22yM6NZK/Rf\ner7VLa0rm1+3DLgqDXb+iO+YG3wp1+XcrTkePC1lqHd7APgpkw3AZ+w5HTYyXk0V\nf91kuHFbd+POj9SpDqaOoxuJh4Vjat899Euygjk5wyLbizAImGfqJJfmiCfpJmLW\n79cznduVKS/cJkvqcQJHyWqGxs4jB8isgxFKQXbw3zAddXKC3U9bcbrmnbalzwg2\nCwlQiGz1V8+6pX/qRVXrv3cpLEYGQGvLDS5mLAXzBBWHIuSRgLvL9aQGWtFckjZi\nayJwKv1qalRvM5tvmRMJ9OVaEQs8/npCq7RUUGOQuD0Ea2nBrbJ5NF8FWw9VcEtr\nngZDra8MzajCmoYYvBVFPtNTmJfXkYiRn+tSTjt/baObOI/hYeJH9+fK6g0RJkIJ\nGf5xgk0jVUMKimVRvVeuk+UslOy21sILoMdFTmk0fcGYNxzwM5FkbP4LQWZec2z9\nGTtMgS9nZY32OijuIrlfOTWMr0z+EP8se6XokJFgFTSPO245CNCxWCTgLKmmTr0b\nTZg71oqHYQEFAAABAHWLmxVw8g1LdVjsiYyq0HfxIZu+maZPOISEtloiEQHtOD5m\nClD+pqxa3q4lRHr9E8xO9noLRQ0Y4+4jlalKnsloLoDw1cW7aOuBsz1+vz+UIFZc\npDoDiQ4hqZhnBN9WINvPDYm0c1JW4brSW28O1j/DzbPpU30Dl/wOCHej5ySYWeGM\nrxwtlQuk7N8WyMJ/FCmIciB0kvUy3a+NZn0eU4n9Sc+tpP0tDdRYynkp9aNTXyU+\n/ie6Vx65NOxYpuAa4LqxUGi426G/u+gLVvdRohrmaQ7Ep21JqVemy5XcvmHNgqCD\nbG881qAZcOt2JHT5Xg9EIguu5lFdWFXcQGKrBywAAAEBAMjURMCBMum4tJ3HqpkV\n5Vv6R3EgPc7otOcqYXFnt0gN5f/19Lx8DMHexlcByU1BvahNvHaUrfvYb23S2sDf\nWf3ckoA9VnmL3L9wtrInGOdGFbeGS777XEE6fhWXnJ2DFBNm3Dw5G7qXK2Xrzm3E\nIwR9p8jMG8+4xgybuxaBnqNAM2WMSvXquNezVHIqYcDG7W/XB7EIjiiQxR6OKjLD\n3vipjgXS9u5LZjAJhOdCK3uXnto/mMtGSurCtOItpAnijT3U8DOb+3jr1X0BGMq6\nbytJ+AYkVJPkiOzjOB8heF8n7RtDEpTPWPwHquIhY2tgrY+G/9TT/HVnWvfAxM1G\nXgsAAAEBAPYO9k9rR8mywoKYc7Zchz4NjBSXQTvm6wwuXPRyk2mdyGEX8OxgpcB6\n0NpGmWU4AUxH2QJC8NvQVQgRBtlZPg7iocXQWAbzP8sStxspyXK6QQG4sFdd8J9m\n0d7+e+d+u8UNyz7J47IG+V74VU15M2/1qJPli8SMdxVyiBSjS/XGY6jLt6TqTr/w\nsi90ye3E40tmwfOKc2vga07x1NmnRzv+YF/qo5z/uye7AxsWa2dSyrl6sfNUiUv9\nlmUQRtz22DziF3+NpIfHtaKClWsN1EBrvcqLh1oZTbY1C+1WZx08QpNsgo/VxJ/D\ne13cBYzJ29fNUjfeQzX5lGBb5pjv3/8AAAAAAQID\n-----END OPENSSH PRIVATE KEY-----\n",
            "private_key_pem": "-----BEGIN RSA PRIVATE KEY-----\nMIIJKQIBAAKCAgEAwQe25wZpOsV+hXulpIVoOHgaTNdMXTHPkKGPDV4bCR69FM/4\nEs3DmpAguixboZSoFiyIPxn0C9BC4nMj1JhgbCR637vL68KoJN9y1+Kp4wdejcY4\nT8ZjW05pbYEs5Dl9HVvY54tld+ox+eges1bgIJrDS2NptUGBmhkBUhUcK6jtX2US\nPq7uuureGlyuOpRtjwSc3xtn2bSZorNhL+nHSHmWOYos867rXq2X/fWAXOUpJ4XB\nclTtUBBzGrlLu1i8QnpfK1h50eVyxVmF6MpgRWUgiXw/wagbfl0IHClzEmtE1pEu\nR1PH+FEK7iUtc04+Pqpkt6B8O9bHJyJqE640c1lcYRCwqiQihBn7GdZMemkihWUr\ny3+71FfhSaPleYHyIAQE6HtljgxMv/huYxYD56UBwDX51JLCO2PSGQICXpIGFiiu\nxe1fr4zvHbxQolZv3chLq5jtiKncDhsm5oPtHG6xMhmXpkLigpz/IjRODI6+9bsN\nJ9Ye/cbaMd2jHmJqIhPpiN3DSfAwLEycidM401qGktgktkddClGkKI6GSWNt+G2d\nfxBr6hotmFZsfvk/G+3SdmGPXLJY2YUvw7JMMyBWJbcwZ7BzXZU2eaIi5hwZ3urE\nKtR7x6oaT4uJk24uGryAafy8GDL098K1p9bbGdM+T9tKoJAwUBhGQxlIQfUCAwEA\nAQKCAgBx0U2srWAQ8nCm3oCOIMeSPGctlemGLh+4pTqHZEzGtORCyFn7JG7IzWEu\nxYcGIHR4FqwDoRcAfD1j7wZajbqVKXF2SPJ1wmKI02SRHSqVHjxHlnCPwWfGZ9bM\nZdWFgMxgKk8cQFqFOYdcVtz7XCdtsjOjWSv0X3q+1S2tK5tftwy4Kg12/ojvmBt8\nKdfl3K05HjwtZah3ewD4KZMNwGfsOR02Ml5NFX/dZLhxW3fjzo/UqQ6mjqMbiYeF\nY2rfPfRLsoI5OcMi24swCJhn6iSX5ogn6SZi1u/XM53blSkv3CZL6nECR8lqhsbO\nIwfIrIMRSkF28N8wHXVygt1PW3G65p22pc8INgsJUIhs9VfPuqV/6kVV6793KSxG\nBkBryw0uZiwF8wQVhyLkkYC7y/WkBlrRXJI2YmsicCr9ampUbzObb5kTCfTlWhEL\nPP56Qqu0VFBjkLg9BGtpwa2yeTRfBVsPVXBLa54GQ62vDM2owpqGGLwVRT7TU5iX\n15GIkZ/rUk47f22jmziP4WHiR/fnyuoNESZCCRn+cYJNI1VDCoplUb1XrpPlLJTs\nttbCC6DHRU5pNH3BmDcc8DORZGz+C0FmXnNs/Rk7TIEvZ2WN9joo7iK5Xzk1jK9M\n/hD/LHul6JCRYBU0jztuOQjQsVgk4Cyppk69G02YO9aKh2EBBQKCAQEAyNREwIEy\n6bi0nceqmRXlW/pHcSA9zui05yphcWe3SA3l//X0vHwMwd7GVwHJTUG9qE28dpSt\n+9hvbdLawN9Z/dySgD1WeYvcv3C2sicY50YVt4ZLvvtcQTp+FZecnYMUE2bcPDkb\nupcrZevObcQjBH2nyMwbz7jGDJu7FoGeo0AzZYxK9eq417NUciphwMbtb9cHsQiO\nKJDFHo4qMsPe+KmOBdL27ktmMAmE50Ire5ee2j+Yy0ZK6sK04i2kCeKNPdTwM5v7\neOvVfQEYyrpvK0n4BiRUk+SI7OM4HyF4XyftG0MSlM9Y/Aeq4iFja2Ctj4b/1NP8\ndWda98DEzUZeCwKCAQEA9g72T2tHybLCgphztlyHPg2MFJdBO+brDC5c9HKTaZ3I\nYRfw7GClwHrQ2kaZZTgBTEfZAkLw29BVCBEG2Vk+DuKhxdBYBvM/yxK3GynJcrpB\nAbiwV13wn2bR3v575367xQ3LPsnjsgb5XvhVTXkzb/Wok+WLxIx3FXKIFKNL9cZj\nqMu3pOpOv/CyL3TJ7cTjS2bB84pza+BrTvHU2adHO/5gX+qjnP+7J7sDGxZrZ1LK\nuXqx81SJS/2WZRBG3PbYPOIXf42kh8e1ooKVaw3UQGu9youHWhlNtjUL7VZnHTxC\nk2yCj9XEn8N7XdwFjMnb181SN95DNfmUYFvmmO/f/wKCAQEAvZ3eBDx4i8B/mHGL\nG9tWoU9f4OnmMdP56kFTm7WnkXq97LyXhNdDXFEwx7nCDRXDMoOjK/sZgq5KF1F8\nhZrc5xo5oKdJXJ23oXGUrgTIOKUtoAhGwF2oL1ZA8bYig33dmKwHyTzKd5R/v02z\nrGQCBB14K9i7cZcuN31aWdespsrZPEoIBMTIHbEOTHTDszafvHc0pexD/P0jgMQO\nB7x0bCf7Fnin+Tprk3OJbqhFUf5IWByv8U2/MoUAMIWTWlnzrau915yxBOz2t34v\noEoC6MaATZxD1xdySOgIdyws8PtLne/oPWTAycWbjMKlkh7IALogFxzIQzmA5Ge3\n6XFFHQKCAQEAw8wIKA5gI5oBudYCTdy3KaOyEjiCCl6oLxs9kK8TqnmJl+lrJ02I\n1+9i/i4rpiW4srCBeJE4BFJ1N2QFJTMkdMfWnwg4497wpnGQDydjS832KJ6EhCEW\ndmFlI6MxiXaJiDZ/wsj4TRPLn8zQZEPLsI20xWtlmtODdyeaLYH70ek6KHli+vIQ\nFCA+ShEPFgsUK03rjBZh3jfIbBt3mnLH9m9m1SxrYWUF0om34PgoIyH4ezutGsns\nLvHtmSIooXAzhc8Lj85wXDOIz3ZF29g3S8PwVJpO7F0yP4laolOc3eCzwYgZJMeg\nHNl686c/K1b9f228vQQ6S1r8vOikSJKolQKCAQB1i5sVcPINS3VY7ImMqtB38SGb\nvpmmTziEhLZaIhEB7Tg+ZgpQ/qasWt6uJUR6/RPMTvZ6C0UNGOPuI5WpSp7JaC6A\n8NXFu2jrgbM9fr8/lCBWXKQ6A4kOIamYZwTfViDbzw2JtHNSVuG60ltvDtY/w82z\n6VN9A5f8Dgh3o+ckmFnhjK8cLZULpOzfFsjCfxQpiHIgdJL1Mt2vjWZ9HlOJ/UnP\nraT9LQ3UWMp5KfWjU18lPv4nulceuTTsWKbgGuC6sVBouNuhv7voC1b3UaIa5mkO\nxKdtSalXpsuV3L5hzYKgg2xvPNagGXDrdiR0+V4PRCILruZRXVhV3EBiqwcs\n-----END RSA PRIVATE KEY-----\n",
            "public_key_fingerprint_md5": "e4:02:5f:22:24:5a:cc:52:a6:e2:44:ca:6f:eb:00:14",
            "public_key_fingerprint_sha256": "SHA256:XxajPuOp0hMD6unOB94Dh0rpezvpWFDp+BFpShn1/QE",
            "public_key_openssh": "ssh-rsa AAAAB3NzaC1yc2EAAAADAQABAAACAQDBB7bnBmk6xX6Fe6WkhWg4eBpM10xdMc+QoY8NXhsJHr0Uz/gSzcOakCC6LFuhlKgWLIg/GfQL0ELicyPUmGBsJHrfu8vrwqgk33LX4qnjB16NxjhPxmNbTmltgSzkOX0dW9jni2V36jH56B6zVuAgmsNLY2m1QYGaGQFSFRwrqO1fZRI+ru666t4aXK46lG2PBJzfG2fZtJmis2Ev6cdIeZY5iizzruterZf99YBc5SknhcFyVO1QEHMauUu7WLxCel8rWHnR5XLFWYXoymBFZSCJfD/BqBt+XQgcKXMSa0TWkS5HU8f4UQruJS1zTj4+qmS3oHw71scnImoTrjRzWVxhELCqJCKEGfsZ1kx6aSKFZSvLf7vUV+FJo+V5gfIgBAToe2WODEy/+G5jFgPnpQHANfnUksI7Y9IZAgJekgYWKK7F7V+vjO8dvFCiVm/dyEurmO2IqdwOGybmg+0cbrEyGZemQuKCnP8iNE4Mjr71uw0n1h79xtox3aMeYmoiE+mI3cNJ8DAsTJyJ0zjTWoaS2CS2R10KUaQojoZJY234bZ1/EGvqGi2YVmx++T8b7dJ2YY9csljZhS/DskwzIFYltzBnsHNdlTZ5oiLmHBne6sQq1HvHqhpPi4mTbi4avIBp/LwYMvT3wrWn1tsZ0z5P20qgkDBQGEZDGUhB9Q==\n",
            "public_key_pem": "-----BEGIN PUBLIC KEY-----\nMIICIjANBgkqhkiG9w0BAQEFAAOCAg8AMIICCgKCAgEAwQe25wZpOsV+hXulpIVo\nOHgaTNdMXTHPkKGPDV4bCR69FM/4Es3DmpAguixboZSoFiyIPxn0C9BC4nMj1Jhg\nbCR637vL68KoJN9y1+Kp4wdejcY4T8ZjW05pbYEs5Dl9HVvY54tld+ox+eges1bg\nIJrDS2NptUGBmhkBUhUcK6jtX2USPq7uuureGlyuOpRtjwSc3xtn2bSZorNhL+nH\nSHmWOYos867rXq2X/fWAXOUpJ4XBclTtUBBzGrlLu1i8QnpfK1h50eVyxVmF6Mpg\nRWUgiXw/wagbfl0IHClzEmtE1pEuR1PH+FEK7iUtc04+Pqpkt6B8O9bHJyJqE640\nc1lcYRCwqiQihBn7GdZMemkihWUry3+71FfhSaPleYHyIAQE6HtljgxMv/huYxYD\n56UBwDX51JLCO2PSGQICXpIGFiiuxe1fr4zvHbxQolZv3chLq5jtiKncDhsm5oPt\nHG6xMhmXpkLigpz/IjRODI6+9bsNJ9Ye/cbaMd2jHmJqIhPpiN3DSfAwLEycidM4\n01qGktgktkddClGkKI6GSWNt+G2dfxBr6hotmFZsfvk/G+3SdmGPXLJY2YUvw7JM\nMyBWJbcwZ7BzXZU2eaIi5hwZ3urEKtR7x6oaT4uJk24uGryAafy8GDL098K1p9bb\nGdM+T9tKoJAwUBhGQxlIQfUCAwEAAQ==\n-----END PUBLIC KEY-----\n",
            "rsa_bits": 4096
          },
          "sensitive_attributes": [],
          "private": "bnVsbA=="
        }
      ]
    },
    {
      "module": "module.hub_network",
      "mode": "managed",
      "type": "azurerm_subnet",
      "name": "subnet",
      "provider": "provider[\"registry.terraform.io/hashicorp/azurerm\"]",
      "instances": [
        {
          "index_key": "AzureFirewallSubnet",
          "schema_version": 0,
          "attributes": {
            "address_prefixes": [
              "10.0.0.0/24"
            ],
            "delegation": [],
            "enforce_private_link_endpoint_network_policies": false,
            "enforce_private_link_service_network_policies": false,
            "id": "/subscriptions/2126a5c7-9c64-4118-8540-9591cc729176/resourceGroups/hub/providers/Microsoft.Network/virtualNetworks/hub-vnet/subnets/AzureFirewallSubnet",
            "name": "AzureFirewallSubnet",
            "resource_group_name": "hub",
            "service_endpoint_policy_ids": [],
            "service_endpoints": [],
            "timeouts": null,
            "virtual_network_name": "hub-vnet"
          },
          "sensitive_attributes": [],
          "private": "eyJlMmJmYjczMC1lY2FhLTExZTYtOGY4OC0zNDM2M2JjN2M0YzAiOnsiY3JlYXRlIjoxODAwMDAwMDAwMDAwLCJkZWxldGUiOjE4MDAwMDAwMDAwMDAsInJlYWQiOjMwMDAwMDAwMDAwMCwidXBkYXRlIjoxODAwMDAwMDAwMDAwfX0=",
          "dependencies": [
            "azurerm_resource_group.hub",
            "module.hub_network.azurerm_virtual_network.vnet"
          ]
        },
        {
          "index_key": "bastion-subnet",
          "schema_version": 0,
          "attributes": {
            "address_prefixes": [
              "10.0.1.0/24"
            ],
            "delegation": [],
            "enforce_private_link_endpoint_network_policies": false,
            "enforce_private_link_service_network_policies": false,
            "id": "/subscriptions/2126a5c7-9c64-4118-8540-9591cc729176/resourceGroups/hub/providers/Microsoft.Network/virtualNetworks/hub-vnet/subnets/bastion-subnet",
            "name": "bastion-subnet",
            "resource_group_name": "hub",
            "service_endpoint_policy_ids": [],
            "service_endpoints": [],
            "timeouts": null,
            "virtual_network_name": "hub-vnet"
          },
          "sensitive_attributes": [],
          "private": "eyJlMmJmYjczMC1lY2FhLTExZTYtOGY4OC0zNDM2M2JjN2M0YzAiOnsiY3JlYXRlIjoxODAwMDAwMDAwMDAwLCJkZWxldGUiOjE4MDAwMDAwMDAwMDAsInJlYWQiOjMwMDAwMDAwMDAwMCwidXBkYXRlIjoxODAwMDAwMDAwMDAwfX0=",
          "dependencies": [
            "azurerm_resource_group.hub",
            "module.hub_network.azurerm_virtual_network.vnet"
          ]
        },
        {
          "index_key": "jenkins-subnet",
          "schema_version": 0,
          "attributes": {
            "address_prefixes": [
              "10.0.2.0/24"
            ],
            "delegation": [],
            "enforce_private_link_endpoint_network_policies": false,
            "enforce_private_link_service_network_policies": false,
            "id": "/subscriptions/2126a5c7-9c64-4118-8540-9591cc729176/resourceGroups/hub/providers/Microsoft.Network/virtualNetworks/hub-vnet/subnets/jenkins-subnet",
            "name": "jenkins-subnet",
            "resource_group_name": "hub",
            "service_endpoint_policy_ids": [],
            "service_endpoints": [],
            "timeouts": null,
            "virtual_network_name": "hub-vnet"
          },
          "sensitive_attributes": [],
          "private": "eyJlMmJmYjczMC1lY2FhLTExZTYtOGY4OC0zNDM2M2JjN2M0YzAiOnsiY3JlYXRlIjoxODAwMDAwMDAwMDAwLCJkZWxldGUiOjE4MDAwMDAwMDAwMDAsInJlYWQiOjMwMDAwMDAwMDAwMCwidXBkYXRlIjoxODAwMDAwMDAwMDAwfX0=",
          "dependencies": [
            "azurerm_resource_group.hub",
            "module.hub_network.azurerm_virtual_network.vnet"
          ]
        }
      ]
    },
    {
      "module": "module.hub_network",
      "mode": "managed",
      "type": "azurerm_virtual_network",
      "name": "vnet",
      "provider": "provider[\"registry.terraform.io/hashicorp/azurerm\"]",
      "instances": [
        {
          "schema_version": 0,
          "attributes": {
            "address_space": [
              "10.0.0.0/22"
            ],
            "bgp_community": "",
            "ddos_protection_plan": [],
            "dns_servers": [],
            "edge_zone": "",
            "flow_timeout_in_minutes": 0,
            "guid": "56b9bf59-d5f0-4c96-8098-68a8d51f144b",
            "id": "/subscriptions/2126a5c7-9c64-4118-8540-9591cc729176/resourceGroups/hub/providers/Microsoft.Network/virtualNetworks/hub-vnet",
            "location": "westeurope",
            "name": "hub-vnet",
            "resource_group_name": "hub",
            "subnet": [
              {
                "address_prefix": "10.0.0.0/24",
                "id": "/subscriptions/2126a5c7-9c64-4118-8540-9591cc729176/resourceGroups/hub/providers/Microsoft.Network/virtualNetworks/hub-vnet/subnets/AzureFirewallSubnet",
                "name": "AzureFirewallSubnet",
                "security_group": ""
              },
              {
                "address_prefix": "10.0.1.0/24",
                "id": "/subscriptions/2126a5c7-9c64-4118-8540-9591cc729176/resourceGroups/hub/providers/Microsoft.Network/virtualNetworks/hub-vnet/subnets/bastion-subnet",
                "name": "bastion-subnet",
                "security_group": ""
              },
              {
                "address_prefix": "10.0.2.0/24",
                "id": "/subscriptions/2126a5c7-9c64-4118-8540-9591cc729176/resourceGroups/hub/providers/Microsoft.Network/virtualNetworks/hub-vnet/subnets/jenkins-subnet",
                "name": "jenkins-subnet",
                "security_group": ""
              }
            ],
            "tags": {},
            "timeouts": null
          },
          "sensitive_attributes": [],
          "private": "eyJlMmJmYjczMC1lY2FhLTExZTYtOGY4OC0zNDM2M2JjN2M0YzAiOnsiY3JlYXRlIjoxODAwMDAwMDAwMDAwLCJkZWxldGUiOjE4MDAwMDAwMDAwMDAsInJlYWQiOjMwMDAwMDAwMDAwMCwidXBkYXRlIjoxODAwMDAwMDAwMDAwfX0=",
          "dependencies": [
            "azurerm_resource_group.hub"
          ]
        }
      ]
    },
    {
      "module": "module.kube_network",
      "mode": "managed",
      "type": "azurerm_subnet",
      "name": "subnet",
      "provider": "provider[\"registry.terraform.io/hashicorp/azurerm\"]",
      "instances": [
        {
          "index_key": "api-haproxy-lb-subnet",
          "schema_version": 0,
          "attributes": {
            "address_prefixes": [
              "10.15.16.0/20"
            ],
            "delegation": [],
            "enforce_private_link_endpoint_network_policies": false,
            "enforce_private_link_service_network_policies": false,
            "id": "/subscriptions/2126a5c7-9c64-4118-8540-9591cc729176/resourceGroups/kube/providers/Microsoft.Network/virtualNetworks/kube-vnet/subnets/api-haproxy-lb-subnet",
            "name": "api-haproxy-lb-subnet",
            "resource_group_name": "kube",
            "service_endpoint_policy_ids": [],
            "service_endpoints": [],
            "timeouts": null,
            "virtual_network_name": "kube-vnet"
          },
          "sensitive_attributes": [],
          "private": "eyJlMmJmYjczMC1lY2FhLTExZTYtOGY4OC0zNDM2M2JjN2M0YzAiOnsiY3JlYXRlIjoxODAwMDAwMDAwMDAwLCJkZWxldGUiOjE4MDAwMDAwMDAwMDAsInJlYWQiOjMwMDAwMDAwMDAwMCwidXBkYXRlIjoxODAwMDAwMDAwMDAwfX0=",
          "dependencies": [
            "azurerm_resource_group.kube",
            "module.kube_network.azurerm_virtual_network.vnet"
          ]
        },
        {
          "index_key": "kube-subnet",
          "schema_version": 0,
          "attributes": {
            "address_prefixes": [
              "10.15.0.0/20"
            ],
            "delegation": [],
            "enforce_private_link_endpoint_network_policies": false,
            "enforce_private_link_service_network_policies": false,
            "id": "/subscriptions/2126a5c7-9c64-4118-8540-9591cc729176/resourceGroups/kube/providers/Microsoft.Network/virtualNetworks/kube-vnet/subnets/kube-subnet",
            "name": "kube-subnet",
            "resource_group_name": "kube",
            "service_endpoint_policy_ids": [],
            "service_endpoints": [],
            "timeouts": null,
            "virtual_network_name": "kube-vnet"
          },
          "sensitive_attributes": [],
          "private": "eyJlMmJmYjczMC1lY2FhLTExZTYtOGY4OC0zNDM2M2JjN2M0YzAiOnsiY3JlYXRlIjoxODAwMDAwMDAwMDAwLCJkZWxldGUiOjE4MDAwMDAwMDAwMDAsInJlYWQiOjMwMDAwMDAwMDAwMCwidXBkYXRlIjoxODAwMDAwMDAwMDAwfX0=",
          "dependencies": [
            "azurerm_resource_group.kube",
            "module.kube_network.azurerm_virtual_network.vnet"
          ]
        }
      ]
    },
    {
      "module": "module.kube_network",
      "mode": "managed",
      "type": "azurerm_virtual_network",
      "name": "vnet",
      "provider": "provider[\"registry.terraform.io/hashicorp/azurerm\"]",
      "instances": [
        {
          "schema_version": 0,
          "attributes": {
            "address_space": [
              "10.15.0.0/16"
            ],
            "bgp_community": "",
            "ddos_protection_plan": [],
            "dns_servers": [],
            "edge_zone": "",
            "flow_timeout_in_minutes": 0,
            "guid": "147ad164-61e0-479f-a667-ef83d2db693e",
            "id": "/subscriptions/2126a5c7-9c64-4118-8540-9591cc729176/resourceGroups/kube/providers/Microsoft.Network/virtualNetworks/kube-vnet",
            "location": "westeurope",
            "name": "kube-vnet",
            "resource_group_name": "kube",
            "subnet": [
              {
                "address_prefix": "10.15.0.0/20",
                "id": "/subscriptions/2126a5c7-9c64-4118-8540-9591cc729176/resourceGroups/kube/providers/Microsoft.Network/virtualNetworks/kube-vnet/subnets/kube-subnet",
                "name": "kube-subnet",
                "security_group": ""
              },
              {
                "address_prefix": "10.15.16.0/20",
                "id": "/subscriptions/2126a5c7-9c64-4118-8540-9591cc729176/resourceGroups/kube/providers/Microsoft.Network/virtualNetworks/kube-vnet/subnets/api-haproxy-lb-subnet",
                "name": "api-haproxy-lb-subnet",
                "security_group": ""
              }
            ],
            "tags": {},
            "timeouts": null
          },
          "sensitive_attributes": [],
          "private": "eyJlMmJmYjczMC1lY2FhLTExZTYtOGY4OC0zNDM2M2JjN2M0YzAiOnsiY3JlYXRlIjoxODAwMDAwMDAwMDAwLCJkZWxldGUiOjE4MDAwMDAwMDAwMDAsInJlYWQiOjMwMDAwMDAwMDAwMCwidXBkYXRlIjoxODAwMDAwMDAwMDAwfX0=",
          "dependencies": [
            "azurerm_resource_group.kube"
          ]
        }
      ]
    },
    {
      "module": "module.vnet_peering",
      "mode": "managed",
      "type": "azurerm_virtual_network_peering",
      "name": "peering",
      "provider": "provider[\"registry.terraform.io/hashicorp/azurerm\"]",
      "instances": [
        {
          "schema_version": 0,
          "attributes": {
            "allow_forwarded_traffic": false,
            "allow_gateway_transit": false,
            "allow_virtual_network_access": true,
            "id": "/subscriptions/2126a5c7-9c64-4118-8540-9591cc729176/resourceGroups/hub/providers/Microsoft.Network/virtualNetworks/hub-vnet/virtualNetworkPeerings/HubToSpoke1",
            "name": "HubToSpoke1",
            "remote_virtual_network_id": "/subscriptions/2126a5c7-9c64-4118-8540-9591cc729176/resourceGroups/kube/providers/Microsoft.Network/virtualNetworks/kube-vnet",
            "resource_group_name": "hub",
            "timeouts": null,
            "use_remote_gateways": false,
            "virtual_network_name": "hub-vnet"
          },
          "sensitive_attributes": [],
          "private": "eyJlMmJmYjczMC1lY2FhLTExZTYtOGY4OC0zNDM2M2JjN2M0YzAiOnsiY3JlYXRlIjoxODAwMDAwMDAwMDAwLCJkZWxldGUiOjE4MDAwMDAwMDAwMDAsInJlYWQiOjMwMDAwMDAwMDAwMCwidXBkYXRlIjoxODAwMDAwMDAwMDAwfX0=",
          "dependencies": [
            "azurerm_resource_group.hub",
            "azurerm_resource_group.kube",
            "module.kube_network.azurerm_virtual_network.vnet"
          ]
        }
      ]
    },
    {
      "module": "module.vnet_peering",
      "mode": "managed",
      "type": "azurerm_virtual_network_peering",
      "name": "peering-back",
      "provider": "provider[\"registry.terraform.io/hashicorp/azurerm\"]",
      "instances": [
        {
          "schema_version": 0,
          "attributes": {
            "allow_forwarded_traffic": false,
            "allow_gateway_transit": false,
            "allow_virtual_network_access": true,
            "id": "/subscriptions/2126a5c7-9c64-4118-8540-9591cc729176/resourceGroups/kube/providers/Microsoft.Network/virtualNetworks/kube-vnet/virtualNetworkPeerings/Spoke1ToHub",
            "name": "Spoke1ToHub",
            "remote_virtual_network_id": "/subscriptions/2126a5c7-9c64-4118-8540-9591cc729176/resourceGroups/hub/providers/Microsoft.Network/virtualNetworks/hub-vnet",
            "resource_group_name": "kube",
            "timeouts": null,
            "use_remote_gateways": false,
            "virtual_network_name": "kube-vnet"
          },
          "sensitive_attributes": [],
          "private": "eyJlMmJmYjczMC1lY2FhLTExZTYtOGY4OC0zNDM2M2JjN2M0YzAiOnsiY3JlYXRlIjoxODAwMDAwMDAwMDAwLCJkZWxldGUiOjE4MDAwMDAwMDAwMDAsInJlYWQiOjMwMDAwMDAwMDAwMCwidXBkYXRlIjoxODAwMDAwMDAwMDAwfX0=",
          "dependencies": [
            "azurerm_resource_group.hub",
            "azurerm_resource_group.kube",
            "module.hub_network.azurerm_virtual_network.vnet"
          ]
        }
      ]
    }
  ]
}
